{
  "name": "mana-archive",
  "lockfileVersion": 3,
  "requires": true,
  "packages": {
    "": {
      "dependencies": {
        "djlint": "^1.36.4"
      }
    },
    "node_modules/djlint": {
      "version": "1.36.4",
      "resolved": "https://registry.npmjs.org/djlint/-/djlint-1.36.4.tgz",
      "integrity": "sha512-ZKBu3ayt6BQHVts+0NCxcsHxn5drmV8/V3O7W8/RjrhFmoFn7P5eAb37sSIIFhQe2kNK7Q0YgMPRARSR4sUW6w==",
      "hasInstallScript": true,
      "license": "GPL-3.0-or-later"
    }
  }
}
